
Microsoft Visual Studio Solution File, Format Version 12.00
# Visual Studio Version 17
VisualStudioVersion = 17.3.32825.248
MinimumVisualStudioVersion = 10.0.40219.1
Project("{FAE04EC0-301F-11D3-BF4B-00C04F79EFBC}") = "ConsoleApp66", "ConsoleApp66\ConsoleApp66.csproj", "{54F622FE-46D4-419A-A414-EA4900BBF1FE}"
EndProject
Global
	GlobalSection(SolutionConfigurationPlatforms) = preSolution
		Debug|Any CPU = Debug|Any CPU
		Release|Any CPU = Release|Any CPU
	EndGlobalSection
	GlobalSection(ProjectConfigurationPlatforms) = postSolution
		{54F622FE-46D4-419A-A414-EA4900BBF1FE}.Debug|Any CPU.ActiveCfg = Debug|Any CPU
		{54F622FE-46D4-419A-A414-EA4900BBF1FE}.Debug|Any CPU.Build.0 = Debug|Any CPU
		{54F622FE-46D4-419A-A414-EA4900BBF1FE}.Release|Any CPU.ActiveCfg = Release|Any CPU
		{54F622FE-46D4-419A-A414-EA4900BBF1FE}.Release|Any CPU.Build.0 = Release|Any CPU
	EndGlobalSection
	GlobalSection(SolutionProperties) = preSolution
		HideSolutionNode = FALSE
	EndGlobalSection
	GlobalSection(ExtensibilityGlobals) = postSolution
		SolutionGuid = {B12A39DE-2112-4928-990D-CDDB13C7AEE7}
	EndGlobalSection
EndGlobal
